// !$*UTF8*$!
{
	archiveVersion = 1;
	classes = {
	};
	objectVersion = 51;
	objects = {

/* Begin PBXBuildFile section */
		8B30973926F620C600E6D8B8 /* Main.storyboard in Resources */ = {isa = PBXBuildFile; fileRef = 8B30973726F620C600E6D8B8 /* Main.storyboard */; };
		8B30973B26F620DD00E6D8B8 /* LaunchScreen.storyboard in Resources */ = {isa = PBXBuildFile; fileRef = 8B30973A26F620DD00E6D8B8 /* LaunchScreen.storyboard */; };
		8B30973C26F6231400E6D8B8 /* Assets.xcassets in Resources */ = {isa = PBXBuildFile; fileRef = 8BEB591526F61C9B00243265 /* Assets.xcassets */; };
		8BEB590526F61C6A00243265 /* MainTableView.swift in Sources */ = {isa = PBXBuildFile; fileRef = 8BEB590126F61C6A00243265 /* MainTableView.swift */; };
		8BEB590626F61C6A00243265 /* AddNewPlaceViewController.swift in Sources */ = {isa = PBXBuildFile; fileRef = 8BEB590226F61C6A00243265 /* AddNewPlaceViewController.swift */; };
		8BEB590726F61C6A00243265 /* MapViewController.swift in Sources */ = {isa = PBXBuildFile; fileRef = 8BEB590326F61C6A00243265 /* MapViewController.swift */; };
		8BEB590826F61C6A00243265 /* CustomCell.swift in Sources */ = {isa = PBXBuildFile; fileRef = 8BEB590426F61C6A00243265 /* CustomCell.swift */; };
		8BEB590D26F61C7300243265 /* RatingButtons.swift in Sources */ = {isa = PBXBuildFile; fileRef = 8BEB590A26F61C7300243265 /* RatingButtons.swift */; };
		8BEB590E26F61C7300243265 /* StorageManager.swift in Sources */ = {isa = PBXBuildFile; fileRef = 8BEB590B26F61C7300243265 /* StorageManager.swift */; };
		8BEB590F26F61C7300243265 /* RatingButtonsOnTableView.swift in Sources */ = {isa = PBXBuildFile; fileRef = 8BEB590C26F61C7300243265 /* RatingButtonsOnTableView.swift */; };
		8BEB591226F61C8400243265 /* PlacecModel.swift in Sources */ = {isa = PBXBuildFile; fileRef = 8BEB591126F61C8400243265 /* PlacecModel.swift */; };
		8BEB591826F61C9B00243265 /* AppDelegate.swift in Sources */ = {isa = PBXBuildFile; fileRef = 8BEB591426F61C9B00243265 /* AppDelegate.swift */; };
		8BEB591A26F61C9B00243265 /* SceneDelegate.swift in Sources */ = {isa = PBXBuildFile; fileRef = 8BEB591626F61C9B00243265 /* SceneDelegate.swift */; };
		E8D357C46AC6BE1C1B7F5852 /* Pods_MyPlaces.framework in Frameworks */ = {isa = PBXBuildFile; fileRef = EA2D0629536327CC402191DB /* Pods_MyPlaces.framework */; };
/* End PBXBuildFile section */

/* Begin PBXFileReference section */
		8B30973526F61FED00E6D8B8 /* Info.plist */ = {isa = PBXFileReference; fileEncoding = 4; lastKnownFileType = text.plist.xml; path = Info.plist; sourceTree = "<group>"; };
		8B30973826F620C600E6D8B8 /* Base */ = {isa = PBXFileReference; lastKnownFileType = file.storyboard; name = Base; path = IBuilder/Base.lproj/Main.storyboard; sourceTree = "<group>"; };
		8B30973A26F620DD00E6D8B8 /* LaunchScreen.storyboard */ = {isa = PBXFileReference; fileEncoding = 4; lastKnownFileType = file.storyboard; path = LaunchScreen.storyboard; sourceTree = "<group>"; };
		8BB22DAD25B5FC2400B1AA2E /* MyPlaces.app */ = {isa = PBXFileReference; explicitFileType = wrapper.application; includeInIndex = 0; path = MyPlaces.app; sourceTree = BUILT_PRODUCTS_DIR; };
		8BEB590126F61C6A00243265 /* MainTableView.swift */ = {isa = PBXFileReference; fileEncoding = 4; lastKnownFileType = sourcecode.swift; path = MainTableView.swift; sourceTree = "<group>"; };
		8BEB590226F61C6A00243265 /* AddNewPlaceViewController.swift */ = {isa = PBXFileReference; fileEncoding = 4; lastKnownFileType = sourcecode.swift; path = AddNewPlaceViewController.swift; sourceTree = "<group>"; };
		8BEB590326F61C6A00243265 /* MapViewController.swift */ = {isa = PBXFileReference; fileEncoding = 4; lastKnownFileType = sourcecode.swift; name = MapViewController.swift; path = ../MapViewController.swift; sourceTree = "<group>"; };
		8BEB590426F61C6A00243265 /* CustomCell.swift */ = {isa = PBXFileReference; fileEncoding = 4; lastKnownFileType = sourcecode.swift; path = CustomCell.swift; sourceTree = "<group>"; };
		8BEB590A26F61C7300243265 /* RatingButtons.swift */ = {isa = PBXFileReference; fileEncoding = 4; lastKnownFileType = sourcecode.swift; path = RatingButtons.swift; sourceTree = "<group>"; };
		8BEB590B26F61C7300243265 /* StorageManager.swift */ = {isa = PBXFileReference; fileEncoding = 4; lastKnownFileType = sourcecode.swift; path = StorageManager.swift; sourceTree = "<group>"; };
		8BEB590C26F61C7300243265 /* RatingButtonsOnTableView.swift */ = {isa = PBXFileReference; fileEncoding = 4; lastKnownFileType = sourcecode.swift; path = RatingButtonsOnTableView.swift; sourceTree = "<group>"; };
		8BEB591126F61C8400243265 /* PlacecModel.swift */ = {isa = PBXFileReference; fileEncoding = 4; lastKnownFileType = sourcecode.swift; path = PlacecModel.swift; sourceTree = "<group>"; };
		8BEB591426F61C9B00243265 /* AppDelegate.swift */ = {isa = PBXFileReference; fileEncoding = 4; lastKnownFileType = sourcecode.swift; path = AppDelegate.swift; sourceTree = "<group>"; };
		8BEB591526F61C9B00243265 /* Assets.xcassets */ = {isa = PBXFileReference; lastKnownFileType = folder.assetcatalog; name = Assets.xcassets; path = "../New Group1/Assets.xcassets"; sourceTree = "<group>"; };
		8BEB591626F61C9B00243265 /* SceneDelegate.swift */ = {isa = PBXFileReference; fileEncoding = 4; lastKnownFileType = sourcecode.swift; path = SceneDelegate.swift; sourceTree = "<group>"; };
		C97138C8766D70BF266415F0 /* Pods-MyPlaces.debug.xcconfig */ = {isa = PBXFileReference; includeInIndex = 1; lastKnownFileType = text.xcconfig; name = "Pods-MyPlaces.debug.xcconfig"; path = "Target Support Files/Pods-MyPlaces/Pods-MyPlaces.debug.xcconfig"; sourceTree = "<group>"; };
		EA2D0629536327CC402191DB /* Pods_MyPlaces.framework */ = {isa = PBXFileReference; explicitFileType = wrapper.framework; includeInIndex = 0; path = Pods_MyPlaces.framework; sourceTree = BUILT_PRODUCTS_DIR; };
		FCE20C2E4547343167BB15F7 /* Pods-MyPlaces.release.xcconfig */ = {isa = PBXFileReference; includeInIndex = 1; lastKnownFileType = text.xcconfig; name = "Pods-MyPlaces.release.xcconfig"; path = "Target Support Files/Pods-MyPlaces/Pods-MyPlaces.release.xcconfig"; sourceTree = "<group>"; };
/* End PBXFileReference section */

/* Begin PBXFrameworksBuildPhase section */
		8BB22DAA25B5FC2400B1AA2E /* Frameworks */ = {
			isa = PBXFrameworksBuildPhase;
			buildActionMask = 2147483647;
			files = (
				E8D357C46AC6BE1C1B7F5852 /* Pods_MyPlaces.framework in Frameworks */,
			);
			runOnlyForDeploymentPostprocessing = 0;
		};
/* End PBXFrameworksBuildPhase section */

/* Begin PBXGroup section */
		19DA1DE2C09679472868374A /* Frameworks */ = {
			isa = PBXGroup;
			children = (
				EA2D0629536327CC402191DB /* Pods_MyPlaces.framework */,
			);
			name = Frameworks;
			sourceTree = "<group>";
		};
		679708D1FFA59E87FD3A8A4B /* Pods */ = {
			isa = PBXGroup;
			children = (
				C97138C8766D70BF266415F0 /* Pods-MyPlaces.debug.xcconfig */,
				FCE20C2E4547343167BB15F7 /* Pods-MyPlaces.release.xcconfig */,
			);
			path = Pods;
			sourceTree = "<group>";
		};
		8B45D381272AB713007384F8 /* Application */ = {
			isa = PBXGroup;
			children = (
				8B45D384272AB724007384F8 /* Model */,
				8B45D383272AB720007384F8 /* View */,
				8B45D382272AB719007384F8 /* Controller */,
			);
			path = Application;
			sourceTree = "<group>";
		};
		8B45D382272AB719007384F8 /* Controller */ = {
			isa = PBXGroup;
			children = (
				8BEB591426F61C9B00243265 /* AppDelegate.swift */,
				8BEB591626F61C9B00243265 /* SceneDelegate.swift */,
			);
			name = Controller;
			path = "../New Group/Controller";
			sourceTree = "<group>";
		};
		8B45D383272AB720007384F8 /* View */ = {
			isa = PBXGroup;
			children = (
				8B30973A26F620DD00E6D8B8 /* LaunchScreen.storyboard */,
				8B30973726F620C600E6D8B8 /* Main.storyboard */,
			);
			path = View;
			sourceTree = "<group>";
		};
		8B45D384272AB724007384F8 /* Model */ = {
			isa = PBXGroup;
			children = (
			);
			path = Model;
			sourceTree = "<group>";
		};
		8B45D387272AB737007384F8 /* MainScreen */ = {
			isa = PBXGroup;
			children = (
				8B45D38B272AB765007384F8 /* Model */,
				8B45D38A272AB761007384F8 /* View */,
				8B45D389272AB75A007384F8 /* Controller */,
				8B45D391272AB821007384F8 /* Manager */,
			);
			path = MainScreen;
			sourceTree = "<group>";
		};
		8B45D389272AB75A007384F8 /* Controller */ = {
			isa = PBXGroup;
			children = (
				8BEB590126F61C6A00243265 /* MainTableView.swift */,
			);
			path = Controller;
			sourceTree = "<group>";
		};
		8B45D38A272AB761007384F8 /* View */ = {
			isa = PBXGroup;
			children = (
				8BEB590C26F61C7300243265 /* RatingButtonsOnTableView.swift */,
				8B45D38C272AB7AD007384F8 /* Cell */,
			);
			path = View;
			sourceTree = "<group>";
		};
		8B45D38B272AB765007384F8 /* Model */ = {
			isa = PBXGroup;
			children = (
				8BEB591126F61C8400243265 /* PlacecModel.swift */,
			);
			path = Model;
			sourceTree = "<group>";
		};
		8B45D38C272AB7AD007384F8 /* Cell */ = {
			isa = PBXGroup;
			children = (
				8BEB590426F61C6A00243265 /* CustomCell.swift */,
			);
			path = Cell;
			sourceTree = "<group>";
		};
		8B45D38D272AB7C8007384F8 /* AddPlaceScreen */ = {
			isa = PBXGroup;
			children = (
				8B45D390272AB7E2007384F8 /* Model */,
				8B45D38F272AB7DE007384F8 /* View */,
				8B45D38E272AB7D9007384F8 /* Controller */,
			);
			path = AddPlaceScreen;
			sourceTree = "<group>";
		};
		8B45D38E272AB7D9007384F8 /* Controller */ = {
			isa = PBXGroup;
			children = (
				8BEB590226F61C6A00243265 /* AddNewPlaceViewController.swift */,
			);
			path = Controller;
			sourceTree = "<group>";
		};
		8B45D38F272AB7DE007384F8 /* View */ = {
			isa = PBXGroup;
			children = (
				8BEB590A26F61C7300243265 /* RatingButtons.swift */,
			);
			path = View;
			sourceTree = "<group>";
		};
		8B45D390272AB7E2007384F8 /* Model */ = {
			isa = PBXGroup;
			children = (
			);
			path = Model;
			sourceTree = "<group>";
		};
		8B45D391272AB821007384F8 /* Manager */ = {
			isa = PBXGroup;
			children = (
				8BEB590B26F61C7300243265 /* StorageManager.swift */,
			);
			path = Manager;
			sourceTree = "<group>";
		};
		8B45D392272AB835007384F8 /* MapScreen */ = {
			isa = PBXGroup;
			children = (
				8B45D395272AB877007384F8 /* Model */,
				8B45D394272AB872007384F8 /* View */,
				8B45D393272AB868007384F8 /* Controller */,
			);
			path = MapScreen;
			sourceTree = "<group>";
		};
		8B45D393272AB868007384F8 /* Controller */ = {
			isa = PBXGroup;
			children = (
				8BEB590326F61C6A00243265 /* MapViewController.swift */,
			);
			path = Controller;
			sourceTree = "<group>";
		};
		8B45D394272AB872007384F8 /* View */ = {
			isa = PBXGroup;
			children = (
			);
			path = View;
			sourceTree = "<group>";
		};
		8B45D395272AB877007384F8 /* Model */ = {
			isa = PBXGroup;
			children = (
			);
			path = Model;
			sourceTree = "<group>";
		};
		8B45D397272AB8B0007384F8 /* SupportingFiles */ = {
			isa = PBXGroup;
			children = (
				8B30973526F61FED00E6D8B8 /* Info.plist */,
				8BEB591526F61C9B00243265 /* Assets.xcassets */,
			);
			path = SupportingFiles;
			sourceTree = "<group>";
		};
		8BB22DA425B5FC2400B1AA2E = {
			isa = PBXGroup;
			children = (
				8BB22DAF25B5FC2400B1AA2E /* MyPlaces */,
				8BB22DAE25B5FC2400B1AA2E /* Products */,
				679708D1FFA59E87FD3A8A4B /* Pods */,
				19DA1DE2C09679472868374A /* Frameworks */,
			);
			sourceTree = "<group>";
		};
		8BB22DAE25B5FC2400B1AA2E /* Products */ = {
			isa = PBXGroup;
			children = (
				8BB22DAD25B5FC2400B1AA2E /* MyPlaces.app */,
			);
			name = Products;
			sourceTree = "<group>";
		};
		8BB22DAF25B5FC2400B1AA2E /* MyPlaces */ = {
			isa = PBXGroup;
			children = (
				8B45D381272AB713007384F8 /* Application */,
				8B45D387272AB737007384F8 /* MainScreen */,
				8B45D38D272AB7C8007384F8 /* AddPlaceScreen */,
				8B45D392272AB835007384F8 /* MapScreen */,
				8B45D397272AB8B0007384F8 /* SupportingFiles */,
			);
			path = MyPlaces;
			sourceTree = "<group>";
		};
/* End PBXGroup section */

/* Begin PBXNativeTarget section */
		8BB22DAC25B5FC2400B1AA2E /* MyPlaces */ = {
			isa = PBXNativeTarget;
			buildConfigurationList = 8BB22DC125B5FC2700B1AA2E /* Build configuration list for PBXNativeTarget "MyPlaces" */;
			buildPhases = (
				DCA53CCD0AD16E507187CF43 /* [CP] Check Pods Manifest.lock */,
				8BB22DA925B5FC2400B1AA2E /* Sources */,
				8BB22DAA25B5FC2400B1AA2E /* Frameworks */,
				8BB22DAB25B5FC2400B1AA2E /* Resources */,
				AD01D745E03BBAE043D9684D /* [CP] Embed Pods Frameworks */,
			);
			buildRules = (
			);
			dependencies = (
			);
			name = MyPlaces;
			productName = MyPlaces;
			productReference = 8BB22DAD25B5FC2400B1AA2E /* MyPlaces.app */;
			productType = "com.apple.product-type.application";
		};
/* End PBXNativeTarget section */

/* Begin PBXProject section */
		8BB22DA525B5FC2400B1AA2E /* Project object */ = {
			isa = PBXProject;
			attributes = {
				LastSwiftUpdateCheck = 1210;
				LastUpgradeCheck = 1210;
				TargetAttributes = {
					8BB22DAC25B5FC2400B1AA2E = {
						CreatedOnToolsVersion = 12.1;
					};
				};
			};
			buildConfigurationList = 8BB22DA825B5FC2400B1AA2E /* Build configuration list for PBXProject "MyPlaces" */;
			compatibilityVersion = "Xcode 9.3";
			developmentRegion = en;
			hasScannedForEncodings = 0;
			knownRegions = (
				en,
				Base,
			);
			mainGroup = 8BB22DA425B5FC2400B1AA2E;
			productRefGroup = 8BB22DAE25B5FC2400B1AA2E /* Products */;
			projectDirPath = "";
			projectRoot = "";
			targets = (
				8BB22DAC25B5FC2400B1AA2E /* MyPlaces */,
			);
		};
/* End PBXProject section */

/* Begin PBXResourcesBuildPhase section */
		8BB22DAB25B5FC2400B1AA2E /* Resources */ = {
			isa = PBXResourcesBuildPhase;
			buildActionMask = 2147483647;
			files = (
				8B30973C26F6231400E6D8B8 /* Assets.xcassets in Resources */,
				8B30973B26F620DD00E6D8B8 /* LaunchScreen.storyboard in Resources */,
				8B30973926F620C600E6D8B8 /* Main.storyboard in Resources */,
			);
			runOnlyForDeploymentPostprocessing = 0;
		};
/* End PBXResourcesBuildPhase section */

/* Begin PBXShellScriptBuildPhase section */
		AD01D745E03BBAE043D9684D /* [CP] Embed Pods Frameworks */ = {
			isa = PBXShellScriptBuildPhase;
			buildActionMask = 2147483647;
			files = (
			);
			inputFileListPaths = (
				"${PODS_ROOT}/Target Support Files/Pods-MyPlaces/Pods-MyPlaces-frameworks-${CONFIGURATION}-input-files.xcfilelist",
			);
			name = "[CP] Embed Pods Frameworks";
			outputFileListPaths = (
				"${PODS_ROOT}/Target Support Files/Pods-MyPlaces/Pods-MyPlaces-frameworks-${CONFIGURATION}-output-files.xcfilelist",
			);
			runOnlyForDeploymentPostprocessing = 0;
			shellPath = /bin/sh;
			shellScript = "\"${PODS_ROOT}/Target Support Files/Pods-MyPlaces/Pods-MyPlaces-frameworks.sh\"\n";
			showEnvVarsInLog = 0;
		};
		DCA53CCD0AD16E507187CF43 /* [CP] Check Pods Manifest.lock */ = {
			isa = PBXShellScriptBuildPhase;
			buildActionMask = 2147483647;
			files = (
			);
			inputFileListPaths = (
			);
			inputPaths = (
				"${PODS_PODFILE_DIR_PATH}/Podfile.lock",
				"${PODS_ROOT}/Manifest.lock",
			);
			name = "[CP] Check Pods Manifest.lock";
			outputFileListPaths = (
			);
			outputPaths = (
				"$(DERIVED_FILE_DIR)/Pods-MyPlaces-checkManifestLockResult.txt",
			);
			runOnlyForDeploymentPostprocessing = 0;
			shellPath = /bin/sh;
			shellScript = "diff \"${PODS_PODFILE_DIR_PATH}/Podfile.lock\" \"${PODS_ROOT}/Manifest.lock\" > /dev/null\nif [ $? != 0 ] ; then\n    # print error to STDERR\n    echo \"error: The sandbox is not in sync with the Podfile.lock. Run 'pod install' or update your CocoaPods installation.\" >&2\n    exit 1\nfi\n# This output is used by Xcode 'outputs' to avoid re-running this script phase.\necho \"SUCCESS\" > \"${SCRIPT_OUTPUT_FILE_0}\"\n";
			showEnvVarsInLog = 0;
		};
/* End PBXShellScriptBuildPhase section */

/* Begin PBXSourcesBuildPhase section */
		8BB22DA925B5FC2400B1AA2E /* Sources */ = {
			isa = PBXSourcesBuildPhase;
			buildActionMask = 2147483647;
			files = (
				8BEB590826F61C6A00243265 /* CustomCell.swift in Sources */,
				8BEB590726F61C6A00243265 /* MapViewController.swift in Sources */,
				8BEB590626F61C6A00243265 /* AddNewPlaceViewController.swift in Sources */,
				8BEB591A26F61C9B00243265 /* SceneDelegate.swift in Sources */,
				8BEB590F26F61C7300243265 /* RatingButtonsOnTableView.swift in Sources */,
				8BEB591826F61C9B00243265 /* AppDelegate.swift in Sources */,
				8BEB590526F61C6A00243265 /* MainTableView.swift in Sources */,
				8BEB590D26F61C7300243265 /* RatingButtons.swift in Sources */,
				8BEB591226F61C8400243265 /* PlacecModel.swift in Sources */,
				8BEB590E26F61C7300243265 /* StorageManager.swift in Sources */,
			);
			runOnlyForDeploymentPostprocessing = 0;
		};
/* End PBXSourcesBuildPhase section */

/* Begin PBXVariantGroup section */
		8B30973726F620C600E6D8B8 /* Main.storyboard */ = {
			isa = PBXVariantGroup;
			children = (
				8B30973826F620C600E6D8B8 /* Base */,
			);
			name = Main.storyboard;
			sourceTree = "<group>";
		};
/* End PBXVariantGroup section */

/* Begin XCBuildConfiguration section */
		8BB22DBF25B5FC2700B1AA2E /* Debug */ = {
			isa = XCBuildConfiguration;
			buildSettings = {
				ALWAYS_SEARCH_USER_PATHS = NO;
				CLANG_ANALYZER_NONNULL = YES;
				CLANG_ANALYZER_NUMBER_OBJECT_CONVERSION = YES_AGGRESSIVE;
				CLANG_CXX_LANGUAGE_STANDARD = "gnu++14";
				CLANG_CXX_LIBRARY = "libc++";
				CLANG_ENABLE_MODULES = YES;
				CLANG_ENABLE_OBJC_ARC = YES;
				CLANG_ENABLE_OBJC_WEAK = YES;
				CLANG_WARN_BLOCK_CAPTURE_AUTORELEASING = YES;
				CLANG_WARN_BOOL_CONVERSION = YES;
				CLANG_WARN_COMMA = YES;
				CLANG_WARN_CONSTANT_CONVERSION = YES;
				CLANG_WARN_DEPRECATED_OBJC_IMPLEMENTATIONS = YES;
				CLANG_WARN_DIRECT_OBJC_ISA_USAGE = YES_ERROR;
				CLANG_WARN_DOCUMENTATION_COMMENTS = YES;
				CLANG_WARN_EMPTY_BODY = YES;
				CLANG_WARN_ENUM_CONVERSION = YES;
				CLANG_WARN_INFINITE_RECURSION = YES;
				CLANG_WARN_INT_CONVERSION = YES;
				CLANG_WARN_NON_LITERAL_NULL_CONVERSION = YES;
				CLANG_WARN_OBJC_IMPLICIT_RETAIN_SELF = YES;
				CLANG_WARN_OBJC_LITERAL_CONVERSION = YES;
				CLANG_WARN_OBJC_ROOT_CLASS = YES_ERROR;
				CLANG_WARN_QUOTED_INCLUDE_IN_FRAMEWORK_HEADER = YES;
				CLANG_WARN_RANGE_LOOP_ANALYSIS = YES;
				CLANG_WARN_STRICT_PROTOTYPES = YES;
				CLANG_WARN_SUSPICIOUS_MOVE = YES;
				CLANG_WARN_UNGUARDED_AVAILABILITY = YES_AGGRESSIVE;
				CLANG_WARN_UNREACHABLE_CODE = YES;
				CLANG_WARN__DUPLICATE_METHOD_MATCH = YES;
				COPY_PHASE_STRIP = NO;
				DEBUG_INFORMATION_FORMAT = dwarf;
				ENABLE_STRICT_OBJC_MSGSEND = YES;
				ENABLE_TESTABILITY = YES;
				GCC_C_LANGUAGE_STANDARD = gnu11;
				GCC_DYNAMIC_NO_PIC = NO;
				GCC_NO_COMMON_BLOCKS = YES;
				GCC_OPTIMIZATION_LEVEL = 0;
				GCC_PREPROCESSOR_DEFINITIONS = (
					"DEBUG=1",
					"$(inherited)",
				);
				GCC_WARN_64_TO_32_BIT_CONVERSION = YES;
				GCC_WARN_ABOUT_RETURN_TYPE = YES_ERROR;
				GCC_WARN_UNDECLARED_SELECTOR = YES;
				GCC_WARN_UNINITIALIZED_AUTOS = YES_AGGRESSIVE;
				GCC_WARN_UNUSED_FUNCTION = YES;
				GCC_WARN_UNUSED_VARIABLE = YES;
				IPHONEOS_DEPLOYMENT_TARGET = 14.1;
				MTL_ENABLE_DEBUG_INFO = INCLUDE_SOURCE;
				MTL_FAST_MATH = YES;
				ONLY_ACTIVE_ARCH = YES;
				SDKROOT = iphoneos;
				SWIFT_ACTIVE_COMPILATION_CONDITIONS = DEBUG;
				SWIFT_OPTIMIZATION_LEVEL = "-Onone";
			};
			name = Debug;
		};
		8BB22DC025B5FC2700B1AA2E /* Release */ = {
			isa = XCBuildConfiguration;
			buildSettings = {
				ALWAYS_SEARCH_USER_PATHS = NO;
				CLANG_ANALYZER_NONNULL = YES;
				CLANG_ANALYZER_NUMBER_OBJECT_CONVERSION = YES_AGGRESSIVE;
				CLANG_CXX_LANGUAGE_STANDARD = "gnu++14";
				CLANG_CXX_LIBRARY = "libc++";
				CLANG_ENABLE_MODULES = YES;
				CLANG_ENABLE_OBJC_ARC = YES;
				CLANG_ENABLE_OBJC_WEAK = YES;
				CLANG_WARN_BLOCK_CAPTURE_AUTORELEASING = YES;
				CLANG_WARN_BOOL_CONVERSION = YES;
				CLANG_WARN_COMMA = YES;
				CLANG_WARN_CONSTANT_CONVERSION = YES;
				CLANG_WARN_DEPRECATED_OBJC_IMPLEMENTATIONS = YES;
				CLANG_WARN_DIRECT_OBJC_ISA_USAGE = YES_ERROR;
				CLANG_WARN_DOCUMENTATION_COMMENTS = YES;
				CLANG_WARN_EMPTY_BODY = YES;
				CLANG_WARN_ENUM_CONVERSION = YES;
				CLANG_WARN_INFINITE_RECURSION = YES;
				CLANG_WARN_INT_CONVERSION = YES;
				CLANG_WARN_NON_LITERAL_NULL_CONVERSION = YES;
				CLANG_WARN_OBJC_IMPLICIT_RETAIN_SELF = YES;
				CLANG_WARN_OBJC_LITERAL_CONVERSION = YES;
				CLANG_WARN_OBJC_ROOT_CLASS = YES_ERROR;
				CLANG_WARN_QUOTED_INCLUDE_IN_FRAMEWORK_HEADER = YES;
				CLANG_WARN_RANGE_LOOP_ANALYSIS = YES;
				CLANG_WARN_STRICT_PROTOTYPES = YES;
				CLANG_WARN_SUSPICIOUS_MOVE = YES;
				CLANG_WARN_UNGUARDED_AVAILABILITY = YES_AGGRESSIVE;
				CLANG_WARN_UNREACHABLE_CODE = YES;
				CLANG_WARN__DUPLICATE_METHOD_MATCH = YES;
				COPY_PHASE_STRIP = NO;
				DEBUG_INFORMATION_FORMAT = "dwarf-with-dsym";
				ENABLE_NS_ASSERTIONS = NO;
				ENABLE_STRICT_OBJC_MSGSEND = YES;
				GCC_C_LANGUAGE_STANDARD = gnu11;
				GCC_NO_COMMON_BLOCKS = YES;
				GCC_WARN_64_TO_32_BIT_CONVERSION = YES;
				GCC_WARN_ABOUT_RETURN_TYPE = YES_ERROR;
				GCC_WARN_UNDECLARED_SELECTOR = YES;
				GCC_WARN_UNINITIALIZED_AUTOS = YES_AGGRESSIVE;
				GCC_WARN_UNUSED_FUNCTION = YES;
				GCC_WARN_UNUSED_VARIABLE = YES;
				IPHONEOS_DEPLOYMENT_TARGET = 14.1;
				MTL_ENABLE_DEBUG_INFO = NO;
				MTL_FAST_MATH = YES;
				SDKROOT = iphoneos;
				SWIFT_COMPILATION_MODE = wholemodule;
				SWIFT_OPTIMIZATION_LEVEL = "-O";
				VALIDATE_PRODUCT = YES;
			};
			name = Release;
		};
		8BB22DC225B5FC2700B1AA2E /* Debug */ = {
			isa = XCBuildConfiguration;
			baseConfigurationReference = C97138C8766D70BF266415F0 /* Pods-MyPlaces.debug.xcconfig */;
			buildSettings = {
				ASSETCATALOG_COMPILER_APPICON_NAME = "AppIcon-3";
				ASSETCATALOG_COMPILER_GLOBAL_ACCENT_COLOR_NAME = AccentColor;
				CODE_SIGN_STYLE = Automatic;
				DEVELOPMENT_TEAM = 27XLCNX4SV;
				INFOPLIST_FILE = MyPlaces/SupportingFiles/Info.plist;
				LD_RUNPATH_SEARCH_PATHS = (
					"$(inherited)",
					"@executable_path/Frameworks",
				);
				PRODUCT_BUNDLE_IDENTIFIER = com.artem.MyPlaces;
				PRODUCT_NAME = "$(TARGET_NAME)";
				SWIFT_VERSION = 5.0;
				TARGETED_DEVICE_FAMILY = "1,2";
			};
			name = Debug;
		};
		8BB22DC325B5FC2700B1AA2E /* Release */ = {
			isa = XCBuildConfiguration;
			baseConfigurationReference = FCE20C2E4547343167BB15F7 /* Pods-MyPlaces.release.xcconfig */;
			buildSettings = {
				ASSETCATALOG_COMPILER_APPICON_NAME = "AppIcon-3";
				ASSETCATALOG_COMPILER_GLOBAL_ACCENT_COLOR_NAME = AccentColor;
				CODE_SIGN_STYLE = Automatic;
				DEVELOPMENT_TEAM = 27XLCNX4SV;
				INFOPLIST_FILE = MyPlaces/SupportingFiles/Info.plist;
				LD_RUNPATH_SEARCH_PATHS = (
					"$(inherited)",
					"@executable_path/Frameworks",
				);
				PRODUCT_BUNDLE_IDENTIFIER = com.artem.MyPlaces;
				PRODUCT_NAME = "$(TARGET_NAME)";
				SWIFT_VERSION = 5.0;
				TARGETED_DEVICE_FAMILY = "1,2";
			};
			name = Release;
		};
/* End XCBuildConfiguration section */

/* Begin XCConfigurationList section */
		8BB22DA825B5FC2400B1AA2E /* Build configuration list for PBXProject "MyPlaces" */ = {
			isa = XCConfigurationList;
			buildConfigurations = (
				8BB22DBF25B5FC2700B1AA2E /* Debug */,
				8BB22DC025B5FC2700B1AA2E /* Release */,
			);
			defaultConfigurationIsVisible = 0;
			defaultConfigurationName = Release;
		};
		8BB22DC125B5FC2700B1AA2E /* Build configuration list for PBXNativeTarget "MyPlaces" */ = {
			isa = XCConfigurationList;
			buildConfigurations = (
				8BB22DC225B5FC2700B1AA2E /* Debug */,
				8BB22DC325B5FC2700B1AA2E /* Release */,
			);
			defaultConfigurationIsVisible = 0;
			defaultConfigurationName = Release;
		};
/* End XCConfigurationList section */
	};
	rootObject = 8BB22DA525B5FC2400B1AA2E /* Project object */;
}
